{
  "nodes": {
    "home-manager": {
      "inputs": {
        "nixpkgs": [
          "nixpkgs"
        ]
      },
      "locked": {
        "lastModified": 1701433070,
        "narHash": "sha256-Gf9JStfENaUQ7YWFz3V7x/srIwr4nlnVteqaAxtwpgM=",
        "owner": "nix-community",
        "repo": "home-manager",
        "rev": "4a8545f5e737a6338814a4676dc8e18c7f43fc57",
        "type": "github"
      },
      "original": {
        "owner": "nix-community",
        "repo": "home-manager",
        "type": "github"
      }
    },
    "nix-index-database": {
      "inputs": {
        "nixpkgs": [
          "nixpkgs"
        ]
      },
      "locked": {
        "lastModified": 1700968077,
        "narHash": "sha256-Lax+2g7G3Fe+ckMrHLYTl+97unbmNDmN1qS9MLBkxr4=",
        "owner": "Mic92",
        "repo": "nix-index-database",
        "rev": "bd3aec0ecb0fdde863a7ed2c6caa220c47e22c07",
        "type": "github"
      },
      "original": {
        "owner": "Mic92",
        "repo": "nix-index-database",
        "type": "github"
      }
    },
    "nixpkgs": {
      "locked": {
        "lastModified": 1701253981,
        "narHash": "sha256-ztaDIyZ7HrTAfEEUt9AtTDNoCYxUdSd6NrRHaYOIxtk=",
        "owner": "nixos",
        "repo": "nixpkgs",
        "rev": "e92039b55bcd58469325ded85d4f58dd5a4eaf58",
        "type": "github"
      },
      "original": {
        "owner": "nixos",
        "ref": "nixos-unstable",
        "repo": "nixpkgs",
        "type": "github"
      }
    },
    "nixpkgs-stable": {
      "locked": {
        "lastModified": 1700905716,
        "narHash": "sha256-w1vHn2MbGfdC+CrP3xLZ3scsI06N0iQLU7eTHIVEFGw=",
        "owner": "NixOS",
        "repo": "nixpkgs",
        "rev": "dfb95385d21475da10b63da74ae96d89ab352431",
        "type": "github"
      },
      "original": {
        "owner": "NixOS",
        "ref": "release-23.05",
        "repo": "nixpkgs",
        "type": "github"
      }
    },
    "nixpkgs_2": {
      "locked": {
        "lastModified": 1701432845,
        "narHash": "sha256-06sd2rQ+DPMSueh+hW4MiXbpMSdhQHJOi/sw0vuwqvs=",
        "owner": "NixOS",
        "repo": "nixpkgs",
        "rev": "77da99a144cd341408308e0a37622f5edcc6c5ba",
        "type": "github"
      },
      "original": {
        "id": "nixpkgs",
        "type": "indirect"
      }
    },
    "root": {
      "inputs": {
        "home-manager": "home-manager",
        "nix-index-database": "nix-index-database",
        "nixpkgs": "nixpkgs",
        "sonic3air": "sonic3air",
        "sops-nix": "sops-nix"
      }
    },
    "sonic3air": {
      "inputs": {
        "nixpkgs": "nixpkgs_2"
      },
      "locked": {
        "lastModified": 1,
        "narHash": "sha256-KWB0onq5eYld7u0Z+en4ellXWWH6DmDT9IuAJuQjMSc=",
        "path": "/nix/store/3pl71scmgz5z3ixcw8gyhfbqr3d1yyhj-source/custom/sonic3air",
        "type": "path"
      },
      "original": {
        "path": "/nix/store/3pl71scmgz5z3ixcw8gyhfbqr3d1yyhj-source/custom/sonic3air",
        "type": "path"
      }
    },
    "sops-nix": {
      "inputs": {
        "nixpkgs": [
          "nixpkgs"
        ],
        "nixpkgs-stable": "nixpkgs-stable"
      },
      "locked": {
        "lastModified": 1701127353,
        "narHash": "sha256-qVNX0wOl0b7+I35aRu78xUphOyELh+mtUp1KBx89K1Q=",
        "owner": "Mic92",
        "repo": "sops-nix",
        "rev": "b1edbf5c0464b4cced90a3ba6f999e671f0af631",
        "type": "github"
      },
      "original": {
        "owner": "Mic92",
        "repo": "sops-nix",
        "type": "github"
      }
    }
  },
  "root": "root",
  "version": 7
}
